{
  "name": "bund",
  "version": "1.0.0",
  "lockfileVersion": 2,
  "requires": true,
  "packages": {
    "": {
      "name": "bund",
      "version": "1.0.0",
      "license": "ISC",
      "dependencies": {
        "file-saver": "^2.0.5",
        "fs": "^0.0.1-security"
      },
      "devDependencies": {
        "@types/file-saver": "^2.0.5"
      }
    },
    "node_modules/@types/file-saver": {
      "version": "2.0.5",
      "resolved": "https://registry.npmjs.org/@types/file-saver/-/file-saver-2.0.5.tgz",
      "integrity": "sha512-zv9kNf3keYegP5oThGLaPk8E081DFDuwfqjtiTzm6PoxChdJ1raSuADf2YGCVIyrSynLrgc8JWv296s7Q7pQSQ==",
      "dev": true
    },
    "node_modules/file-saver": {
      "version": "2.0.5",
      "resolved": "https://registry.npmjs.org/file-saver/-/file-saver-2.0.5.tgz",
      "integrity": "sha512-P9bmyZ3h/PRG+Nzga+rbdI4OEpNDzAVyy74uVO9ATgzLK6VtAsYybF/+TOCvrc0MO793d6+42lLyZTw7/ArVzA=="
    },
    "node_modules/fs": {
      "version": "0.0.1-security",
      "resolved": "https://registry.npmjs.org/fs/-/fs-0.0.1-security.tgz",
      "integrity": "sha512-3XY9e1pP0CVEUCdj5BmfIZxRBTSDycnbqhIOGec9QYtmVH2fbLpj86CFWkrNOkt/Fvty4KZG5lTglL9j/gJ87w=="
    }
  },
  "dependencies": {
    "@types/file-saver": {
      "version": "2.0.5",
      "resolved": "https://registry.npmjs.org/@types/file-saver/-/file-saver-2.0.5.tgz",
      "integrity": "sha512-zv9kNf3keYegP5oThGLaPk8E081DFDuwfqjtiTzm6PoxChdJ1raSuADf2YGCVIyrSynLrgc8JWv296s7Q7pQSQ==",
      "dev": true
    },
    "file-saver": {
      "version": "2.0.5",
      "resolved": "https://registry.npmjs.org/file-saver/-/file-saver-2.0.5.tgz",
      "integrity": "sha512-P9bmyZ3h/PRG+Nzga+rbdI4OEpNDzAVyy74uVO9ATgzLK6VtAsYybF/+TOCvrc0MO793d6+42lLyZTw7/ArVzA=="
    },
    "fs": {
      "version": "0.0.1-security",
      "resolved": "https://registry.npmjs.org/fs/-/fs-0.0.1-security.tgz",
      "integrity": "sha512-3XY9e1pP0CVEUCdj5BmfIZxRBTSDycnbqhIOGec9QYtmVH2fbLpj86CFWkrNOkt/Fvty4KZG5lTglL9j/gJ87w=="
    }
  }
}
